
Microsoft Visual Studio Solution File, Format Version 12.00
# Visual Studio 15
VisualStudioVersion = 15.0.28307.779
MinimumVisualStudioVersion = 10.0.40219.1
Project("{FAE04EC0-301F-11D3-BF4B-00C04F79EFBC}") = "Siemens.UTMonitor.UI", "Siemens.UTMonitor.UI\Siemens.UTMonitor.UI.csproj", "{5DA3FDBE-4DB7-45BD-B0B4-25784C23C407}"
EndProject
Project("{2150E333-8FDC-42A3-9474-1A3956D46DE8}") = "UI", "UI", "{0FFFAABE-EFF9-4861-8191-000E825D328E}"
EndProject
Project("{2150E333-8FDC-42A3-9474-1A3956D46DE8}") = "Data", "Data", "{749BAD7A-E814-4CCC-9A93-DE39121B8FE9}"
EndProject
Project("{FAE04EC0-301F-11D3-BF4B-00C04F79EFBC}") = "Siemens.UTMonitor.FileWatcher", "Siemens.UTMonitor.FileWatcher\Siemens.UTMonitor.FileWatcher.csproj", "{3FC93498-8A54-47E9-A9E6-9091394ABF23}"
EndProject
Project("{FAE04EC0-301F-11D3-BF4B-00C04F79EFBC}") = "Siemens.UTMonitor.NunitFinder", "Siemens.UTMonitor.NunitFinder\Siemens.UTMonitor.NunitFinder.csproj", "{4707A05F-BC39-4E42-86AE-19807FCF811F}"
EndProject
Project("{FAE04EC0-301F-11D3-BF4B-00C04F79EFBC}") = "Siemens.UTMonitor.RunNUnit", "Siemens.UTMonitor.RunNUnit\Siemens.UTMonitor.RunNUnit.csproj", "{EC994652-0A7E-4E32-B932-B1EF7F725A00}"
EndProject
Project("{FAE04EC0-301F-11D3-BF4B-00C04F79EFBC}") = "Siemens.UTMonitor.XMLParser", "Siemens.UTMonitor.XMLParser\Siemens.UTMonitor.XMLParser.csproj", "{C11344EE-21F3-4277-A7F7-F055DE65C82D}"
EndProject
Global
	GlobalSection(SolutionConfigurationPlatforms) = preSolution
		Debug|Any CPU = Debug|Any CPU
		Release|Any CPU = Release|Any CPU
	EndGlobalSection
	GlobalSection(ProjectConfigurationPlatforms) = postSolution
		{5DA3FDBE-4DB7-45BD-B0B4-25784C23C407}.Debug|Any CPU.ActiveCfg = Debug|Any CPU
		{5DA3FDBE-4DB7-45BD-B0B4-25784C23C407}.Debug|Any CPU.Build.0 = Debug|Any CPU
		{5DA3FDBE-4DB7-45BD-B0B4-25784C23C407}.Release|Any CPU.ActiveCfg = Release|Any CPU
		{5DA3FDBE-4DB7-45BD-B0B4-25784C23C407}.Release|Any CPU.Build.0 = Release|Any CPU
		{3FC93498-8A54-47E9-A9E6-9091394ABF23}.Debug|Any CPU.ActiveCfg = Debug|Any CPU
		{3FC93498-8A54-47E9-A9E6-9091394ABF23}.Debug|Any CPU.Build.0 = Debug|Any CPU
		{3FC93498-8A54-47E9-A9E6-9091394ABF23}.Release|Any CPU.ActiveCfg = Release|Any CPU
		{3FC93498-8A54-47E9-A9E6-9091394ABF23}.Release|Any CPU.Build.0 = Release|Any CPU
		{4707A05F-BC39-4E42-86AE-19807FCF811F}.Debug|Any CPU.ActiveCfg = Debug|Any CPU
		{4707A05F-BC39-4E42-86AE-19807FCF811F}.Debug|Any CPU.Build.0 = Debug|Any CPU
		{4707A05F-BC39-4E42-86AE-19807FCF811F}.Release|Any CPU.ActiveCfg = Release|Any CPU
		{4707A05F-BC39-4E42-86AE-19807FCF811F}.Release|Any CPU.Build.0 = Release|Any CPU
		{EC994652-0A7E-4E32-B932-B1EF7F725A00}.Debug|Any CPU.ActiveCfg = Debug|Any CPU
		{EC994652-0A7E-4E32-B932-B1EF7F725A00}.Debug|Any CPU.Build.0 = Debug|Any CPU
		{EC994652-0A7E-4E32-B932-B1EF7F725A00}.Release|Any CPU.ActiveCfg = Release|Any CPU
		{EC994652-0A7E-4E32-B932-B1EF7F725A00}.Release|Any CPU.Build.0 = Release|Any CPU
		{C11344EE-21F3-4277-A7F7-F055DE65C82D}.Debug|Any CPU.ActiveCfg = Debug|Any CPU
		{C11344EE-21F3-4277-A7F7-F055DE65C82D}.Debug|Any CPU.Build.0 = Debug|Any CPU
		{C11344EE-21F3-4277-A7F7-F055DE65C82D}.Release|Any CPU.ActiveCfg = Release|Any CPU
		{C11344EE-21F3-4277-A7F7-F055DE65C82D}.Release|Any CPU.Build.0 = Release|Any CPU
	EndGlobalSection
	GlobalSection(SolutionProperties) = preSolution
		HideSolutionNode = FALSE
	EndGlobalSection
	GlobalSection(NestedProjects) = preSolution
		{5DA3FDBE-4DB7-45BD-B0B4-25784C23C407} = {0FFFAABE-EFF9-4861-8191-000E825D328E}
		{3FC93498-8A54-47E9-A9E6-9091394ABF23} = {749BAD7A-E814-4CCC-9A93-DE39121B8FE9}
		{4707A05F-BC39-4E42-86AE-19807FCF811F} = {749BAD7A-E814-4CCC-9A93-DE39121B8FE9}
		{EC994652-0A7E-4E32-B932-B1EF7F725A00} = {749BAD7A-E814-4CCC-9A93-DE39121B8FE9}
		{C11344EE-21F3-4277-A7F7-F055DE65C82D} = {749BAD7A-E814-4CCC-9A93-DE39121B8FE9}
	EndGlobalSection
	GlobalSection(ExtensibilityGlobals) = postSolution
		SolutionGuid = {60113881-02C9-490F-BB98-680CAF4F9A54}
	EndGlobalSection
EndGlobal
